
Microsoft Visual Studio Solution File, Format Version 12.00
# Visual Studio Version 17
VisualStudioVersion = 17.8.34330.188
MinimumVisualStudioVersion = 10.0.40219.1
Project("{FAE04EC0-301F-11D3-BF4B-00C04F79EFBC}") = "WPFW_Week_1.1", "WPFW_Week_1.1\WPFW_Week_1.1.csproj", "{124EFDA9-8DA5-425B-8F7A-8FED212B7533}"
EndProject
Global
	GlobalSection(SolutionConfigurationPlatforms) = preSolution
		Debug|Any CPU = Debug|Any CPU
		Release|Any CPU = Release|Any CPU
	EndGlobalSection
	GlobalSection(ProjectConfigurationPlatforms) = postSolution
		{124EFDA9-8DA5-425B-8F7A-8FED212B7533}.Debug|Any CPU.ActiveCfg = Debug|Any CPU
		{124EFDA9-8DA5-425B-8F7A-8FED212B7533}.Debug|Any CPU.Build.0 = Debug|Any CPU
		{124EFDA9-8DA5-425B-8F7A-8FED212B7533}.Release|Any CPU.ActiveCfg = Release|Any CPU
		{124EFDA9-8DA5-425B-8F7A-8FED212B7533}.Release|Any CPU.Build.0 = Release|Any CPU
	EndGlobalSection
	GlobalSection(SolutionProperties) = preSolution
		HideSolutionNode = FALSE
	EndGlobalSection
	GlobalSection(ExtensibilityGlobals) = postSolution
		SolutionGuid = {A224D641-4298-4EF6-AC4A-40D5C99936B5}
	EndGlobalSection
EndGlobal
