
Microsoft Visual Studio Solution File, Format Version 12.00
# Visual Studio Version 17
VisualStudioVersion = 17.11.35312.102
MinimumVisualStudioVersion = 10.0.40219.1
Project("{FAE04EC0-301F-11D3-BF4B-00C04F79EFBC}") = "API", "API\API.csproj", "{EFBF409C-3B51-4337-8E17-D96EA8B8FB76}"
EndProject
Global
	GlobalSection(SolutionConfigurationPlatforms) = preSolution
		Debug|Any CPU = Debug|Any CPU
		Release|Any CPU = Release|Any CPU
	EndGlobalSection
	GlobalSection(ProjectConfigurationPlatforms) = postSolution
		{EFBF409C-3B51-4337-8E17-D96EA8B8FB76}.Debug|Any CPU.ActiveCfg = Debug|Any CPU
		{EFBF409C-3B51-4337-8E17-D96EA8B8FB76}.Debug|Any CPU.Build.0 = Debug|Any CPU
		{EFBF409C-3B51-4337-8E17-D96EA8B8FB76}.Release|Any CPU.ActiveCfg = Release|Any CPU
		{EFBF409C-3B51-4337-8E17-D96EA8B8FB76}.Release|Any CPU.Build.0 = Release|Any CPU
	EndGlobalSection
	GlobalSection(SolutionProperties) = preSolution
		HideSolutionNode = FALSE
	EndGlobalSection
	GlobalSection(ExtensibilityGlobals) = postSolution
		SolutionGuid = {92D599E7-38FB-46DC-B6FF-A903B62FD83E}
	EndGlobalSection
EndGlobal
